Microsoft Visual Studio Solution File, Format Version 12.00
# Visual Studio Version 17
VisualStudioVersion = 17.5.2.0
MinimumVisualStudioVersion = 10.0.40219.1
Project("{FAE04EC0-301F-11D3-BF4B-00C04F79EFBC}") = "CopilotMockup", "CopilotMockup.csproj", "{FDC94E92-AB5E-62EE-3994-58775871F937}"
EndProject
Global
	GlobalSection(SolutionConfigurationPlatforms) = preSolution
		Debug|Any CPU = Debug|Any CPU
		Release|Any CPU = Release|Any CPU
	EndGlobalSection
	GlobalSection(ProjectConfigurationPlatforms) = postSolution
		{FDC94E92-AB5E-62EE-3994-58775871F937}.Debug|Any CPU.ActiveCfg = Debug|Any CPU
		{FDC94E92-AB5E-62EE-3994-58775871F937}.Debug|Any CPU.Build.0 = Debug|Any CPU
		{FDC94E92-AB5E-62EE-3994-58775871F937}.Release|Any CPU.ActiveCfg = Release|Any CPU
		{FDC94E92-AB5E-62EE-3994-58775871F937}.Release|Any CPU.Build.0 = Release|Any CPU
	EndGlobalSection
	GlobalSection(SolutionProperties) = preSolution
		HideSolutionNode = FALSE
	EndGlobalSection
	GlobalSection(ExtensibilityGlobals) = postSolution
		SolutionGuid = {57683171-C284-4C83-B108-11D5A78D349C}
	EndGlobalSection
EndGlobal
